
Microsoft Visual Studio Solution File, Format Version 12.00
# Visual Studio 15
VisualStudioVersion = 15.0.28307.106
MinimumVisualStudioVersion = 10.0.40219.1
Project("{FAE04EC0-301F-11D3-BF4B-00C04F79EFBC}") = "CorrelationImplement", "CorrelationImplement\CorrelationImplement.csproj", "{2951C91F-7506-41CE-BC89-873735B845BB}"
EndProject
Project("{FAE04EC0-301F-11D3-BF4B-00C04F79EFBC}") = "CorrelationImplement.Tests", "..\CorrelationImplement.Tests\CorrelationImplement.Tests.csproj", "{6A6470B5-C712-4EF6-A03D-B278CEC185F3}"
EndProject
Global
	GlobalSection(SolutionConfigurationPlatforms) = preSolution
		Debug|Any CPU = Debug|Any CPU
		Release|Any CPU = Release|Any CPU
	EndGlobalSection
	GlobalSection(ProjectConfigurationPlatforms) = postSolution
		{2951C91F-7506-41CE-BC89-873735B845BB}.Debug|Any CPU.ActiveCfg = Debug|Any CPU
		{2951C91F-7506-41CE-BC89-873735B845BB}.Debug|Any CPU.Build.0 = Debug|Any CPU
		{2951C91F-7506-41CE-BC89-873735B845BB}.Release|Any CPU.ActiveCfg = Release|Any CPU
		{2951C91F-7506-41CE-BC89-873735B845BB}.Release|Any CPU.Build.0 = Release|Any CPU
		{6A6470B5-C712-4EF6-A03D-B278CEC185F3}.Debug|Any CPU.ActiveCfg = Debug|Any CPU
		{6A6470B5-C712-4EF6-A03D-B278CEC185F3}.Debug|Any CPU.Build.0 = Debug|Any CPU
		{6A6470B5-C712-4EF6-A03D-B278CEC185F3}.Release|Any CPU.ActiveCfg = Release|Any CPU
		{6A6470B5-C712-4EF6-A03D-B278CEC185F3}.Release|Any CPU.Build.0 = Release|Any CPU
	EndGlobalSection
	GlobalSection(SolutionProperties) = preSolution
		HideSolutionNode = FALSE
	EndGlobalSection
	GlobalSection(ExtensibilityGlobals) = postSolution
		SolutionGuid = {4C25946B-18B1-4B82-8540-FB6EAF2DC06A}
	EndGlobalSection
EndGlobal
